PODS:
  - AutoInsetter (1.8.0)
  - CropViewController (2.5.2)
  - DZNEmptyDataSet (1.8.1)
  - NYXImagesKit (2.3)
  - Pageboy (3.5.0)
  - Realm (3.21.0):
    - Realm/Headers (= 3.21.0)
  - Realm/Headers (3.21.0)
  - RealmSwift (3.21.0):
    - Realm (= 3.21.0)
  - SwiftyJSON (5.0.0)
  - Tabman (2.6.3):
    - AutoInsetter (~> 1.8.0)
    - Pageboy (~> 3.5.0)
  - VegaScrollFlowLayout (1.1)

DEPENDENCIES:
  - CropViewController
  - DZNEmptyDataSet
  - NYXImagesKit
  - RealmSwift
  - SwiftyJSON (~> 5.0)
  - Tabman (~> 2.6)
  - VegaScrollFlowLayout

SPEC REPOS:
  trunk:
    - AutoInsetter
    - CropViewController
    - DZNEmptyDataSet
    - NYXImagesKit
    - Pageboy
    - Realm
    - RealmSwift
    - SwiftyJSON
    - Tabman
    - VegaScrollFlowLayout

SPEC CHECKSUMS:
  AutoInsetter: 0b90ca74e36561c340129045a3722c51a0b15c58
  CropViewController: 1aac40093c5739e60d992b04724a55d12a689a4c
  DZNEmptyDataSet: 9525833b9e68ac21c30253e1d3d7076cc828eaa7
  NYXImagesKit: 8163e3335a40eaa173ca5bbbf81fafb57d3947eb
  Pageboy: 3794c578aae5fcce06e90b3ed4a0ad6b807d75bb
  Realm: 38e9dcb19104b58407167d99f70d4995f7c16023
  RealmSwift: 3183cc1ad48378fbcd634311b22c0e6c44021152
  SwiftyJSON: 36413e04c44ee145039d332b4f4e2d3e8d6c4db7
  Tabman: 63eae331ae7a9388ae389b1808f1939269fcdece
  VegaScrollFlowLayout: 9158061f29179147755f937c2b21693fc5dbbac3

PODFILE CHECKSUM: 906f04563c2b8f0b04a889ae025c1bbf06c9ebcb

COCOAPODS: 1.8.4
